PODS:
  - analog_clock (0.0.1):
    - Flutter
  - Flutter (1.0.0)

DEPENDENCIES:
  - analog_clock (from `.symlinks/plugins/analog_clock/ios`)
  - Flutter (from `Flutter`)

EXTERNAL SOURCES:
  analog_clock:
    :path: ".symlinks/plugins/analog_clock/ios"
  Flutter:
    :path: Flutter

SPEC CHECKSUMS:
  analog_clock: 3f864a82c3b9ffc5743911e353d11556bdb43f7a
  Flutter: 434fef37c0980e73bb6479ef766c45957d4b510c

PODFILE CHECKSUM: fe0e1ee7f3d1f7d00b11b474b62dd62134535aea

COCOAPODS: 1.10.1
